
Microsoft Visual Studio Solution File, Format Version 12.00
# Visual Studio 2012
Project("{D954291E-2A0B-460D-934E-DC6B0785DB48}") = "CognitiveDemo", "CognitiveDemo.shproj", "{F9A484F8-1E58-4DA6-AAC4-5A314073EEB6}"
EndProject
Project("{FAE04EC0-301F-11D3-BF4B-00C04F79EFBC}") = "CognitiveDemo.iOS", "iOS\CognitiveDemo.iOS.csproj", "{42EC4AFE-E16F-4C12-83F0-B5535275C79E}"
EndProject
Project("{FAE04EC0-301F-11D3-BF4B-00C04F79EFBC}") = "CognitiveDemo.Droid", "Droid\CognitiveDemo.Droid.csproj", "{7CF1ADEE-B8E7-4E13-8674-B3825AE10290}"
EndProject
Global
	GlobalSection(SolutionConfigurationPlatforms) = preSolution
		Debug|iPhoneSimulator = Debug|iPhoneSimulator
		Release|iPhone = Release|iPhone
		Release|iPhoneSimulator = Release|iPhoneSimulator
		Debug|iPhone = Debug|iPhone
		Debug|Any CPU = Debug|Any CPU
		Release|Any CPU = Release|Any CPU
	EndGlobalSection
	GlobalSection(ProjectConfigurationPlatforms) = postSolution
		{42EC4AFE-E16F-4C12-83F0-B5535275C79E}.Debug|iPhoneSimulator.ActiveCfg = Debug|iPhoneSimulator
		{42EC4AFE-E16F-4C12-83F0-B5535275C79E}.Debug|iPhoneSimulator.Build.0 = Debug|iPhoneSimulator
		{42EC4AFE-E16F-4C12-83F0-B5535275C79E}.Release|iPhone.ActiveCfg = Release|iPhone
		{42EC4AFE-E16F-4C12-83F0-B5535275C79E}.Release|iPhone.Build.0 = Release|iPhone
		{42EC4AFE-E16F-4C12-83F0-B5535275C79E}.Release|iPhoneSimulator.ActiveCfg = Release|iPhoneSimulator
		{42EC4AFE-E16F-4C12-83F0-B5535275C79E}.Release|iPhoneSimulator.Build.0 = Release|iPhoneSimulator
		{42EC4AFE-E16F-4C12-83F0-B5535275C79E}.Debug|iPhone.ActiveCfg = Debug|iPhone
		{42EC4AFE-E16F-4C12-83F0-B5535275C79E}.Debug|iPhone.Build.0 = Debug|iPhone
		{42EC4AFE-E16F-4C12-83F0-B5535275C79E}.Debug|Any CPU.ActiveCfg = Debug|iPhoneSimulator
		{42EC4AFE-E16F-4C12-83F0-B5535275C79E}.Debug|Any CPU.Build.0 = Debug|iPhoneSimulator
		{42EC4AFE-E16F-4C12-83F0-B5535275C79E}.Release|Any CPU.ActiveCfg = Release|iPhone
		{42EC4AFE-E16F-4C12-83F0-B5535275C79E}.Release|Any CPU.Build.0 = Release|iPhone
		{7CF1ADEE-B8E7-4E13-8674-B3825AE10290}.Debug|iPhoneSimulator.ActiveCfg = Debug|Any CPU
		{7CF1ADEE-B8E7-4E13-8674-B3825AE10290}.Debug|iPhoneSimulator.Build.0 = Debug|Any CPU
		{7CF1ADEE-B8E7-4E13-8674-B3825AE10290}.Release|iPhone.ActiveCfg = Release|Any CPU
		{7CF1ADEE-B8E7-4E13-8674-B3825AE10290}.Release|iPhone.Build.0 = Release|Any CPU
		{7CF1ADEE-B8E7-4E13-8674-B3825AE10290}.Release|iPhoneSimulator.ActiveCfg = Release|Any CPU
		{7CF1ADEE-B8E7-4E13-8674-B3825AE10290}.Release|iPhoneSimulator.Build.0 = Release|Any CPU
		{7CF1ADEE-B8E7-4E13-8674-B3825AE10290}.Debug|iPhone.ActiveCfg = Debug|Any CPU
		{7CF1ADEE-B8E7-4E13-8674-B3825AE10290}.Debug|iPhone.Build.0 = Debug|Any CPU
		{7CF1ADEE-B8E7-4E13-8674-B3825AE10290}.Debug|Any CPU.ActiveCfg = Debug|Any CPU
		{7CF1ADEE-B8E7-4E13-8674-B3825AE10290}.Debug|Any CPU.Build.0 = Debug|Any CPU
		{7CF1ADEE-B8E7-4E13-8674-B3825AE10290}.Release|Any CPU.ActiveCfg = Release|Any CPU
		{7CF1ADEE-B8E7-4E13-8674-B3825AE10290}.Release|Any CPU.Build.0 = Release|Any CPU
	EndGlobalSection
EndGlobal
